
Microsoft Visual Studio Solution File, Format Version 12.00
# Visual Studio Version 17
VisualStudioVersion = 17.5.33414.496
MinimumVisualStudioVersion = 10.0.40219.1
Project("{FAE04EC0-301F-11D3-BF4B-00C04F79EFBC}") = "students_tracker", "students_tracker\students_tracker.csproj", "{5A0A76D4-372C-43B9-90D0-5BD0BA5A062A}"
EndProject
Global
	GlobalSection(SolutionConfigurationPlatforms) = preSolution
		Debug|Any CPU = Debug|Any CPU
		Release|Any CPU = Release|Any CPU
	EndGlobalSection
	GlobalSection(ProjectConfigurationPlatforms) = postSolution
		{5A0A76D4-372C-43B9-90D0-5BD0BA5A062A}.Debug|Any CPU.ActiveCfg = Debug|Any CPU
		{5A0A76D4-372C-43B9-90D0-5BD0BA5A062A}.Debug|Any CPU.Build.0 = Debug|Any CPU
		{5A0A76D4-372C-43B9-90D0-5BD0BA5A062A}.Release|Any CPU.ActiveCfg = Release|Any CPU
		{5A0A76D4-372C-43B9-90D0-5BD0BA5A062A}.Release|Any CPU.Build.0 = Release|Any CPU
	EndGlobalSection
	GlobalSection(SolutionProperties) = preSolution
		HideSolutionNode = FALSE
	EndGlobalSection
	GlobalSection(ExtensibilityGlobals) = postSolution
		SolutionGuid = {38D8A2B3-D861-406C-AA49-B548CB129722}
	EndGlobalSection
EndGlobal
